
Microsoft Visual Studio Solution File, Format Version 12.00
# Visual Studio Version 17
VisualStudioVersion = 17.10.35013.160
MinimumVisualStudioVersion = 10.0.40219.1
Project("{FAE04EC0-301F-11D3-BF4B-00C04F79EFBC}") = "PROYECTO_2_PROMOCIONES_Yoslen", "PROYECTO_2_PROMOCIONES_Yoslen\PROYECTO_2_PROMOCIONES_Yoslen.csproj", "{B92EC3D2-EF37-4091-8BDF-DA4E124E883C}"
EndProject
Global
	GlobalSection(SolutionConfigurationPlatforms) = preSolution
		Debug|Any CPU = Debug|Any CPU
		Release|Any CPU = Release|Any CPU
	EndGlobalSection
	GlobalSection(ProjectConfigurationPlatforms) = postSolution
		{B92EC3D2-EF37-4091-8BDF-DA4E124E883C}.Debug|Any CPU.ActiveCfg = Debug|Any CPU
		{B92EC3D2-EF37-4091-8BDF-DA4E124E883C}.Debug|Any CPU.Build.0 = Debug|Any CPU
		{B92EC3D2-EF37-4091-8BDF-DA4E124E883C}.Release|Any CPU.ActiveCfg = Release|Any CPU
		{B92EC3D2-EF37-4091-8BDF-DA4E124E883C}.Release|Any CPU.Build.0 = Release|Any CPU
	EndGlobalSection
	GlobalSection(SolutionProperties) = preSolution
		HideSolutionNode = FALSE
	EndGlobalSection
	GlobalSection(ExtensibilityGlobals) = postSolution
		SolutionGuid = {06EF054A-0A12-43AB-85A6-B1838C05D0FB}
	EndGlobalSection
EndGlobal
